
Microsoft Visual Studio Solution File, Format Version 12.00
# Visual Studio Version 17
VisualStudioVersion = 17.14.36414.22
MinimumVisualStudioVersion = 10.0.40219.1
Project("{FAE04EC0-301F-11D3-BF4B-00C04F79EFBC}") = "IVSoftware.Portable.GlyphProvider", "IVSoftware.Portable.GlyphProvider\IVSoftware.Portable.GlyphProvider.csproj", "{6EC1662E-5888-4425-A0AA-53C6A2926C3A}"
EndProject
Project("{FAE04EC0-301F-11D3-BF4B-00C04F79EFBC}") = "GlyphProvider.MSTest", "GlyphProvider.MSTest\GlyphProvider.MSTest.csproj", "{7D575689-5E60-4B42-9EED-9FDB60928959}"
	ProjectSection(ProjectDependencies) = postProject
		{6EC1662E-5888-4425-A0AA-53C6A2926C3A} = {6EC1662E-5888-4425-A0AA-53C6A2926C3A}
	EndProjectSection
EndProject
Project("{FAE04EC0-301F-11D3-BF4B-00C04F79EFBC}") = "GlyphProvider.Demo.Maui", "GlyphProvider.Demo.Maui\GlyphProvider.Demo.Maui.csproj", "{A29AEE64-FAD9-4130-A3A1-2F3AF449A8D7}"
	ProjectSection(ProjectDependencies) = postProject
		{6EC1662E-5888-4425-A0AA-53C6A2926C3A} = {6EC1662E-5888-4425-A0AA-53C6A2926C3A}
	EndProjectSection
EndProject
Global
	GlobalSection(SolutionConfigurationPlatforms) = preSolution
		Debug|Any CPU = Debug|Any CPU
		Release|Any CPU = Release|Any CPU
	EndGlobalSection
	GlobalSection(ProjectConfigurationPlatforms) = postSolution
		{6EC1662E-5888-4425-A0AA-53C6A2926C3A}.Debug|Any CPU.ActiveCfg = Debug|Any CPU
		{6EC1662E-5888-4425-A0AA-53C6A2926C3A}.Debug|Any CPU.Build.0 = Debug|Any CPU
		{6EC1662E-5888-4425-A0AA-53C6A2926C3A}.Release|Any CPU.ActiveCfg = Release|Any CPU
		{6EC1662E-5888-4425-A0AA-53C6A2926C3A}.Release|Any CPU.Build.0 = Release|Any CPU
		{7D575689-5E60-4B42-9EED-9FDB60928959}.Debug|Any CPU.ActiveCfg = Debug|Any CPU
		{7D575689-5E60-4B42-9EED-9FDB60928959}.Debug|Any CPU.Build.0 = Debug|Any CPU
		{7D575689-5E60-4B42-9EED-9FDB60928959}.Release|Any CPU.ActiveCfg = Release|Any CPU
		{7D575689-5E60-4B42-9EED-9FDB60928959}.Release|Any CPU.Build.0 = Release|Any CPU
		{A29AEE64-FAD9-4130-A3A1-2F3AF449A8D7}.Debug|Any CPU.ActiveCfg = Debug|Any CPU
		{A29AEE64-FAD9-4130-A3A1-2F3AF449A8D7}.Debug|Any CPU.Build.0 = Debug|Any CPU
		{A29AEE64-FAD9-4130-A3A1-2F3AF449A8D7}.Debug|Any CPU.Deploy.0 = Debug|Any CPU
		{A29AEE64-FAD9-4130-A3A1-2F3AF449A8D7}.Release|Any CPU.ActiveCfg = Release|Any CPU
		{A29AEE64-FAD9-4130-A3A1-2F3AF449A8D7}.Release|Any CPU.Build.0 = Release|Any CPU
		{A29AEE64-FAD9-4130-A3A1-2F3AF449A8D7}.Release|Any CPU.Deploy.0 = Release|Any CPU
	EndGlobalSection
	GlobalSection(SolutionProperties) = preSolution
		HideSolutionNode = FALSE
	EndGlobalSection
	GlobalSection(ExtensibilityGlobals) = postSolution
		SolutionGuid = {94815A7D-6886-49F3-9263-B062628AE0D1}
	EndGlobalSection
EndGlobal
